
Microsoft Visual Studio Solution File, Format Version 12.00
# Visual Studio 15
VisualStudioVersion = 15.0.28307.421
MinimumVisualStudioVersion = 10.0.40219.1
Project("{FAE04EC0-301F-11D3-BF4B-00C04F79EFBC}") = "TextFiles", "TextFiles\TextFiles.csproj", "{4CBE156B-28C8-4251-9061-E6AF6D4853B0}"
EndProject
Global
	GlobalSection(SolutionConfigurationPlatforms) = preSolution
		Debug|Any CPU = Debug|Any CPU
		Release|Any CPU = Release|Any CPU
	EndGlobalSection
	GlobalSection(ProjectConfigurationPlatforms) = postSolution
		{4CBE156B-28C8-4251-9061-E6AF6D4853B0}.Debug|Any CPU.ActiveCfg = Debug|Any CPU
		{4CBE156B-28C8-4251-9061-E6AF6D4853B0}.Debug|Any CPU.Build.0 = Debug|Any CPU
		{4CBE156B-28C8-4251-9061-E6AF6D4853B0}.Release|Any CPU.ActiveCfg = Release|Any CPU
		{4CBE156B-28C8-4251-9061-E6AF6D4853B0}.Release|Any CPU.Build.0 = Release|Any CPU
	EndGlobalSection
	GlobalSection(SolutionProperties) = preSolution
		HideSolutionNode = FALSE
	EndGlobalSection
	GlobalSection(ExtensibilityGlobals) = postSolution
		SolutionGuid = {BF1AC964-9A41-4024-8CA8-AE6E60FB0ECC}
	EndGlobalSection
EndGlobal
