
Microsoft Visual Studio Solution File, Format Version 12.00
# Visual Studio 15
VisualStudioVersion = 15.0.28307.421
MinimumVisualStudioVersion = 10.0.40219.1
Project("{FAE04EC0-301F-11D3-BF4B-00C04F79EFBC}") = "BinarySearch", "BinarySearch\BinarySearch.csproj", "{B156F16B-6A7D-407E-8781-2EB7DADE9461}"
EndProject
Global
	GlobalSection(SolutionConfigurationPlatforms) = preSolution
		Debug|Any CPU = Debug|Any CPU
		Release|Any CPU = Release|Any CPU
	EndGlobalSection
	GlobalSection(ProjectConfigurationPlatforms) = postSolution
		{B156F16B-6A7D-407E-8781-2EB7DADE9461}.Debug|Any CPU.ActiveCfg = Debug|Any CPU
		{B156F16B-6A7D-407E-8781-2EB7DADE9461}.Debug|Any CPU.Build.0 = Debug|Any CPU
		{B156F16B-6A7D-407E-8781-2EB7DADE9461}.Release|Any CPU.ActiveCfg = Release|Any CPU
		{B156F16B-6A7D-407E-8781-2EB7DADE9461}.Release|Any CPU.Build.0 = Release|Any CPU
	EndGlobalSection
	GlobalSection(SolutionProperties) = preSolution
		HideSolutionNode = FALSE
	EndGlobalSection
	GlobalSection(ExtensibilityGlobals) = postSolution
		SolutionGuid = {7DFC1290-55A3-42EE-BB65-7243F841B2A4}
	EndGlobalSection
EndGlobal
