
Microsoft Visual Studio Solution File, Format Version 12.00
# Visual Studio 15
VisualStudioVersion = 15.0.28307.421
MinimumVisualStudioVersion = 10.0.40219.1
Project("{FAE04EC0-301F-11D3-BF4B-00C04F79EFBC}") = "BinaryFiles", "BinaryFiles\BinaryFiles.csproj", "{DF77BC94-E5DD-4A6F-9D31-0DC51C41FABC}"
EndProject
Global
	GlobalSection(SolutionConfigurationPlatforms) = preSolution
		Debug|Any CPU = Debug|Any CPU
		Release|Any CPU = Release|Any CPU
	EndGlobalSection
	GlobalSection(ProjectConfigurationPlatforms) = postSolution
		{DF77BC94-E5DD-4A6F-9D31-0DC51C41FABC}.Debug|Any CPU.ActiveCfg = Debug|Any CPU
		{DF77BC94-E5DD-4A6F-9D31-0DC51C41FABC}.Debug|Any CPU.Build.0 = Debug|Any CPU
		{DF77BC94-E5DD-4A6F-9D31-0DC51C41FABC}.Release|Any CPU.ActiveCfg = Release|Any CPU
		{DF77BC94-E5DD-4A6F-9D31-0DC51C41FABC}.Release|Any CPU.Build.0 = Release|Any CPU
	EndGlobalSection
	GlobalSection(SolutionProperties) = preSolution
		HideSolutionNode = FALSE
	EndGlobalSection
	GlobalSection(ExtensibilityGlobals) = postSolution
		SolutionGuid = {8740A75B-298D-491E-BD9F-E0FAFFF175ED}
	EndGlobalSection
EndGlobal
