
Microsoft Visual Studio Solution File, Format Version 12.00
# Visual Studio 15
VisualStudioVersion = 15.0.28307.438
MinimumVisualStudioVersion = 10.0.40219.1
Project("{FAE04EC0-301F-11D3-BF4B-00C04F79EFBC}") = "PayrollOrderingList", "PayrollOrderingList\PayrollOrderingList.csproj", "{C61B0531-5EB4-4519-94DA-224DB7241977}"
EndProject
Global
	GlobalSection(SolutionConfigurationPlatforms) = preSolution
		Debug|Any CPU = Debug|Any CPU
		Release|Any CPU = Release|Any CPU
	EndGlobalSection
	GlobalSection(ProjectConfigurationPlatforms) = postSolution
		{C61B0531-5EB4-4519-94DA-224DB7241977}.Debug|Any CPU.ActiveCfg = Debug|Any CPU
		{C61B0531-5EB4-4519-94DA-224DB7241977}.Debug|Any CPU.Build.0 = Debug|Any CPU
		{C61B0531-5EB4-4519-94DA-224DB7241977}.Release|Any CPU.ActiveCfg = Release|Any CPU
		{C61B0531-5EB4-4519-94DA-224DB7241977}.Release|Any CPU.Build.0 = Release|Any CPU
	EndGlobalSection
	GlobalSection(SolutionProperties) = preSolution
		HideSolutionNode = FALSE
	EndGlobalSection
	GlobalSection(ExtensibilityGlobals) = postSolution
		SolutionGuid = {3A1A1EB2-60BE-40A4-AFA1-1325C19966F5}
	EndGlobalSection
EndGlobal
