
Microsoft Visual Studio Solution File, Format Version 12.00
# Visual Studio 15
VisualStudioVersion = 15.0.28307.421
MinimumVisualStudioVersion = 10.0.40219.1
Project("{FAE04EC0-301F-11D3-BF4B-00C04F79EFBC}") = "30003389_AT1_Q1", "30003389_AT1_Q1\30003389_AT1_Q1.csproj", "{C77D8F52-9B68-4931-9EA1-A9F7B5582E1B}"
EndProject
Global
	GlobalSection(SolutionConfigurationPlatforms) = preSolution
		Debug|Any CPU = Debug|Any CPU
		Release|Any CPU = Release|Any CPU
	EndGlobalSection
	GlobalSection(ProjectConfigurationPlatforms) = postSolution
		{C77D8F52-9B68-4931-9EA1-A9F7B5582E1B}.Debug|Any CPU.ActiveCfg = Debug|Any CPU
		{C77D8F52-9B68-4931-9EA1-A9F7B5582E1B}.Debug|Any CPU.Build.0 = Debug|Any CPU
		{C77D8F52-9B68-4931-9EA1-A9F7B5582E1B}.Release|Any CPU.ActiveCfg = Release|Any CPU
		{C77D8F52-9B68-4931-9EA1-A9F7B5582E1B}.Release|Any CPU.Build.0 = Release|Any CPU
	EndGlobalSection
	GlobalSection(SolutionProperties) = preSolution
		HideSolutionNode = FALSE
	EndGlobalSection
	GlobalSection(ExtensibilityGlobals) = postSolution
		SolutionGuid = {F35E0B1B-BC0C-412B-91FC-4E6DDD822D61}
	EndGlobalSection
EndGlobal
