
Microsoft Visual Studio Solution File, Format Version 12.00
# Visual Studio 15
VisualStudioVersion = 15.0.28307.438
MinimumVisualStudioVersion = 10.0.40219.1
Project("{FAE04EC0-301F-11D3-BF4B-00C04F79EFBC}") = "Question 4", "Question 4\Question 4.csproj", "{7E229D91-4398-4CB6-8BB8-0C413D2839B0}"
EndProject
Global
	GlobalSection(SolutionConfigurationPlatforms) = preSolution
		Debug|Any CPU = Debug|Any CPU
		Release|Any CPU = Release|Any CPU
	EndGlobalSection
	GlobalSection(ProjectConfigurationPlatforms) = postSolution
		{7E229D91-4398-4CB6-8BB8-0C413D2839B0}.Debug|Any CPU.ActiveCfg = Debug|Any CPU
		{7E229D91-4398-4CB6-8BB8-0C413D2839B0}.Debug|Any CPU.Build.0 = Debug|Any CPU
		{7E229D91-4398-4CB6-8BB8-0C413D2839B0}.Release|Any CPU.ActiveCfg = Release|Any CPU
		{7E229D91-4398-4CB6-8BB8-0C413D2839B0}.Release|Any CPU.Build.0 = Release|Any CPU
	EndGlobalSection
	GlobalSection(SolutionProperties) = preSolution
		HideSolutionNode = FALSE
	EndGlobalSection
	GlobalSection(ExtensibilityGlobals) = postSolution
		SolutionGuid = {7086EB10-1F30-4AC6-B208-64D20F0845EA}
	EndGlobalSection
EndGlobal
