
Microsoft Visual Studio Solution File, Format Version 12.00
# Visual Studio 15
VisualStudioVersion = 15.0.27428.2005
MinimumVisualStudioVersion = 10.0.40219.1
Project("{FAE04EC0-301F-11D3-BF4B-00C04F79EFBC}") = "WindowsFormsLogic", "WindowsFormsLogic\WindowsFormsLogic.csproj", "{64222C02-F31C-44FA-89BC-687C3814FF24}"
EndProject
Global
	GlobalSection(SolutionConfigurationPlatforms) = preSolution
		Debug|Any CPU = Debug|Any CPU
		Release|Any CPU = Release|Any CPU
	EndGlobalSection
	GlobalSection(ProjectConfigurationPlatforms) = postSolution
		{64222C02-F31C-44FA-89BC-687C3814FF24}.Debug|Any CPU.ActiveCfg = Debug|Any CPU
		{64222C02-F31C-44FA-89BC-687C3814FF24}.Debug|Any CPU.Build.0 = Debug|Any CPU
		{64222C02-F31C-44FA-89BC-687C3814FF24}.Release|Any CPU.ActiveCfg = Release|Any CPU
		{64222C02-F31C-44FA-89BC-687C3814FF24}.Release|Any CPU.Build.0 = Release|Any CPU
	EndGlobalSection
	GlobalSection(SolutionProperties) = preSolution
		HideSolutionNode = FALSE
	EndGlobalSection
	GlobalSection(ExtensibilityGlobals) = postSolution
		SolutionGuid = {9B1C7D88-785A-4225-B3F0-49C2F603207D}
	EndGlobalSection
EndGlobal
