
Microsoft Visual Studio Solution File, Format Version 12.00
# Visual Studio 15
VisualStudioVersion = 15.0.28307.438
MinimumVisualStudioVersion = 10.0.40219.1
Project("{FAE04EC0-301F-11D3-BF4B-00C04F79EFBC}") = "Exercise1_2", "Exercise1_2\Exercise1_2.csproj", "{A1181B50-7D4B-4BE7-9059-7ED7EE5668EC}"
EndProject
Global
	GlobalSection(SolutionConfigurationPlatforms) = preSolution
		Debug|Any CPU = Debug|Any CPU
		Release|Any CPU = Release|Any CPU
	EndGlobalSection
	GlobalSection(ProjectConfigurationPlatforms) = postSolution
		{A1181B50-7D4B-4BE7-9059-7ED7EE5668EC}.Debug|Any CPU.ActiveCfg = Debug|Any CPU
		{A1181B50-7D4B-4BE7-9059-7ED7EE5668EC}.Debug|Any CPU.Build.0 = Debug|Any CPU
		{A1181B50-7D4B-4BE7-9059-7ED7EE5668EC}.Release|Any CPU.ActiveCfg = Release|Any CPU
		{A1181B50-7D4B-4BE7-9059-7ED7EE5668EC}.Release|Any CPU.Build.0 = Release|Any CPU
	EndGlobalSection
	GlobalSection(SolutionProperties) = preSolution
		HideSolutionNode = FALSE
	EndGlobalSection
	GlobalSection(ExtensibilityGlobals) = postSolution
		SolutionGuid = {6627E7FB-91B7-4F60-A88A-E49AC096323D}
	EndGlobalSection
EndGlobal
