
Microsoft Visual Studio Solution File, Format Version 12.00
# Visual Studio 15
VisualStudioVersion = 15.0.28307.421
MinimumVisualStudioVersion = 10.0.40219.1
Project("{FAE04EC0-301F-11D3-BF4B-00C04F79EFBC}") = "CSVReader", "CSVReader\CSVReader.csproj", "{62556CE2-CA69-49A3-B2F8-10AE6934BFFF}"
EndProject
Global
	GlobalSection(SolutionConfigurationPlatforms) = preSolution
		Debug|Any CPU = Debug|Any CPU
		Release|Any CPU = Release|Any CPU
	EndGlobalSection
	GlobalSection(ProjectConfigurationPlatforms) = postSolution
		{62556CE2-CA69-49A3-B2F8-10AE6934BFFF}.Debug|Any CPU.ActiveCfg = Debug|Any CPU
		{62556CE2-CA69-49A3-B2F8-10AE6934BFFF}.Debug|Any CPU.Build.0 = Debug|Any CPU
		{62556CE2-CA69-49A3-B2F8-10AE6934BFFF}.Release|Any CPU.ActiveCfg = Release|Any CPU
		{62556CE2-CA69-49A3-B2F8-10AE6934BFFF}.Release|Any CPU.Build.0 = Release|Any CPU
	EndGlobalSection
	GlobalSection(SolutionProperties) = preSolution
		HideSolutionNode = FALSE
	EndGlobalSection
	GlobalSection(ExtensibilityGlobals) = postSolution
		SolutionGuid = {E16E57C0-BF29-4AF1-89EC-826CF31F3145}
	EndGlobalSection
EndGlobal
